
Microsoft Visual Studio Solution File, Format Version 12.00
# Visual Studio 15
VisualStudioVersion = 15.0.27428.2037
MinimumVisualStudioVersion = 10.0.40219.1
Project("{FAE04EC0-301F-11D3-BF4B-00C04F79EFBC}") = "Artokai.Authentication.YubikeyOTP", "Artokai.Authentication.YubikeyOTP\Artokai.Authentication.YubikeyOTP.csproj", "{A68965B4-2768-4342-8003-81303E13F029}"
EndProject
Global
	GlobalSection(SolutionConfigurationPlatforms) = preSolution
		Debug|Any CPU = Debug|Any CPU
		Release|Any CPU = Release|Any CPU
	EndGlobalSection
	GlobalSection(ProjectConfigurationPlatforms) = postSolution
		{A68965B4-2768-4342-8003-81303E13F029}.Debug|Any CPU.ActiveCfg = Debug|Any CPU
		{A68965B4-2768-4342-8003-81303E13F029}.Debug|Any CPU.Build.0 = Debug|Any CPU
		{A68965B4-2768-4342-8003-81303E13F029}.Release|Any CPU.ActiveCfg = Release|Any CPU
		{A68965B4-2768-4342-8003-81303E13F029}.Release|Any CPU.Build.0 = Release|Any CPU
	EndGlobalSection
	GlobalSection(SolutionProperties) = preSolution
		HideSolutionNode = FALSE
	EndGlobalSection
	GlobalSection(ExtensibilityGlobals) = postSolution
		SolutionGuid = {5F7D1ECE-1F9D-4C75-828D-DABA35816D28}
	EndGlobalSection
EndGlobal
